
Microsoft Visual Studio Solution File, Format Version 12.00
# Visual Studio Version 17
VisualStudioVersion = 17.4.33103.184
MinimumVisualStudioVersion = 10.0.40219.1
Project("{9A19103F-16F7-4668-BE54-9A1E7A4F7556}") = "Vandebron.Verbruik.Console.App", "src\Vandebron.Verbruik.Console.App\Vandebron.Verbruik.Console.App.csproj", "{02AEC2EA-47F5-4562-8B05-D490DFA84EE8}"
EndProject
Global
	GlobalSection(SolutionConfigurationPlatforms) = preSolution
		Debug|Any CPU = Debug|Any CPU
		Release|Any CPU = Release|Any CPU
	EndGlobalSection
	GlobalSection(ProjectConfigurationPlatforms) = postSolution
		{02AEC2EA-47F5-4562-8B05-D490DFA84EE8}.Debug|Any CPU.ActiveCfg = Debug|Any CPU
		{02AEC2EA-47F5-4562-8B05-D490DFA84EE8}.Debug|Any CPU.Build.0 = Debug|Any CPU
		{02AEC2EA-47F5-4562-8B05-D490DFA84EE8}.Release|Any CPU.ActiveCfg = Release|Any CPU
		{02AEC2EA-47F5-4562-8B05-D490DFA84EE8}.Release|Any CPU.Build.0 = Release|Any CPU
	EndGlobalSection
	GlobalSection(SolutionProperties) = preSolution
		HideSolutionNode = FALSE
	EndGlobalSection
	GlobalSection(ExtensibilityGlobals) = postSolution
		SolutionGuid = {B47DEB5A-029D-4238-B9D3-08E1F39A90FE}
	EndGlobalSection
EndGlobal
